
Microsoft Visual Studio Solution File, Format Version 12.00
# Visual Studio Version 18
VisualStudioVersion = 18.0.11222.15 d18.0
MinimumVisualStudioVersion = 10.0.40219.1
Project("{FAE04EC0-301F-11D3-BF4B-00C04F79EFBC}") = "MessagingPlatformAPI", "MessagingPlatformAPI\MessagingPlatformAPI.csproj", "{9ED2FB97-BD96-4B74-840E-BA78FBD79F27}"
EndProject
Project("{FAE04EC0-301F-11D3-BF4B-00C04F79EFBC}") = "MessagingAPI.xUnitTest", "MessagingAPI.xUnitTest\MessagingAPI.xUnitTest.csproj", "{6EE36092-15B4-4AD9-AE4E-A90F628E780B}"
EndProject
Global
	GlobalSection(SolutionConfigurationPlatforms) = preSolution
		Debug|Any CPU = Debug|Any CPU
		Release|Any CPU = Release|Any CPU
	EndGlobalSection
	GlobalSection(ProjectConfigurationPlatforms) = postSolution
		{9ED2FB97-BD96-4B74-840E-BA78FBD79F27}.Debug|Any CPU.ActiveCfg = Debug|Any CPU
		{9ED2FB97-BD96-4B74-840E-BA78FBD79F27}.Debug|Any CPU.Build.0 = Debug|Any CPU
		{9ED2FB97-BD96-4B74-840E-BA78FBD79F27}.Release|Any CPU.ActiveCfg = Release|Any CPU
		{9ED2FB97-BD96-4B74-840E-BA78FBD79F27}.Release|Any CPU.Build.0 = Release|Any CPU
		{6EE36092-15B4-4AD9-AE4E-A90F628E780B}.Debug|Any CPU.ActiveCfg = Debug|Any CPU
		{6EE36092-15B4-4AD9-AE4E-A90F628E780B}.Debug|Any CPU.Build.0 = Debug|Any CPU
		{6EE36092-15B4-4AD9-AE4E-A90F628E780B}.Release|Any CPU.ActiveCfg = Release|Any CPU
		{6EE36092-15B4-4AD9-AE4E-A90F628E780B}.Release|Any CPU.Build.0 = Release|Any CPU
	EndGlobalSection
	GlobalSection(SolutionProperties) = preSolution
		HideSolutionNode = FALSE
	EndGlobalSection
	GlobalSection(ExtensibilityGlobals) = postSolution
		SolutionGuid = {2A203C80-226C-451E-954F-BB011CB4E384}
	EndGlobalSection
EndGlobal
